
Microsoft Visual Studio Solution File, Format Version 12.00
# Visual Studio Version 16
VisualStudioVersion = 16.0.29806.167
MinimumVisualStudioVersion = 10.0.40219.1
Project("{8BC9CEB8-8B4A-11D0-8D11-00A0C91BC942}") = "Sierpinski", "Sierpinski\Sierpinski.vcxproj", "{8ABA3368-1C41-4875-BFA3-6FC544A8D4FA}"
EndProject
Project("{8BC9CEB8-8B4A-11D0-8D11-00A0C91BC942}") = "Octahedra", "Octahedra\Octahedra.vcxproj", "{0D83A762-1C75-4809-9220-B90D0684D325}"
EndProject
Project("{8BC9CEB8-8B4A-11D0-8D11-00A0C91BC942}") = "Solar", "Solar\Solar.vcxproj", "{CBFDC817-C50B-42A8-A81C-7751830E71DF}"
EndProject
Project("{8BC9CEB8-8B4A-11D0-8D11-00A0C91BC942}") = "Lighting", "Lighting\Lighting.vcxproj", "{1F725BB6-DC16-4742-9C50-762376AE62BA}"
EndProject
Project("{8BC9CEB8-8B4A-11D0-8D11-00A0C91BC942}") = "MovingCamera", "MovingCamera\MovingCamera.vcxproj", "{1131607C-666E-4ECF-98E7-B64BBECA6200}"
EndProject
Global
	GlobalSection(SolutionConfigurationPlatforms) = preSolution
		Debug|x64 = Debug|x64
		Debug|x86 = Debug|x86
		Release|x64 = Release|x64
		Release|x86 = Release|x86
	EndGlobalSection
	GlobalSection(ProjectConfigurationPlatforms) = postSolution
		{8ABA3368-1C41-4875-BFA3-6FC544A8D4FA}.Debug|x64.ActiveCfg = Debug|x64
		{8ABA3368-1C41-4875-BFA3-6FC544A8D4FA}.Debug|x64.Build.0 = Debug|x64
		{8ABA3368-1C41-4875-BFA3-6FC544A8D4FA}.Debug|x86.ActiveCfg = Debug|Win32
		{8ABA3368-1C41-4875-BFA3-6FC544A8D4FA}.Debug|x86.Build.0 = Debug|Win32
		{8ABA3368-1C41-4875-BFA3-6FC544A8D4FA}.Release|x64.ActiveCfg = Release|x64
		{8ABA3368-1C41-4875-BFA3-6FC544A8D4FA}.Release|x64.Build.0 = Release|x64
		{8ABA3368-1C41-4875-BFA3-6FC544A8D4FA}.Release|x86.ActiveCfg = Release|Win32
		{8ABA3368-1C41-4875-BFA3-6FC544A8D4FA}.Release|x86.Build.0 = Release|Win32
		{0D83A762-1C75-4809-9220-B90D0684D325}.Debug|x64.ActiveCfg = Debug|x64
		{0D83A762-1C75-4809-9220-B90D0684D325}.Debug|x64.Build.0 = Debug|x64
		{0D83A762-1C75-4809-9220-B90D0684D325}.Debug|x86.ActiveCfg = Debug|Win32
		{0D83A762-1C75-4809-9220-B90D0684D325}.Debug|x86.Build.0 = Debug|Win32
		{0D83A762-1C75-4809-9220-B90D0684D325}.Release|x64.ActiveCfg = Release|x64
		{0D83A762-1C75-4809-9220-B90D0684D325}.Release|x64.Build.0 = Release|x64
		{0D83A762-1C75-4809-9220-B90D0684D325}.Release|x86.ActiveCfg = Release|Win32
		{0D83A762-1C75-4809-9220-B90D0684D325}.Release|x86.Build.0 = Release|Win32
		{CBFDC817-C50B-42A8-A81C-7751830E71DF}.Debug|x64.ActiveCfg = Debug|x64
		{CBFDC817-C50B-42A8-A81C-7751830E71DF}.Debug|x64.Build.0 = Debug|x64
		{CBFDC817-C50B-42A8-A81C-7751830E71DF}.Debug|x86.ActiveCfg = Debug|Win32
		{CBFDC817-C50B-42A8-A81C-7751830E71DF}.Debug|x86.Build.0 = Debug|Win32
		{CBFDC817-C50B-42A8-A81C-7751830E71DF}.Release|x64.ActiveCfg = Release|x64
		{CBFDC817-C50B-42A8-A81C-7751830E71DF}.Release|x64.Build.0 = Release|x64
		{CBFDC817-C50B-42A8-A81C-7751830E71DF}.Release|x86.ActiveCfg = Release|Win32
		{CBFDC817-C50B-42A8-A81C-7751830E71DF}.Release|x86.Build.0 = Release|Win32
		{1F725BB6-DC16-4742-9C50-762376AE62BA}.Debug|x64.ActiveCfg = Debug|x64
		{1F725BB6-DC16-4742-9C50-762376AE62BA}.Debug|x64.Build.0 = Debug|x64
		{1F725BB6-DC16-4742-9C50-762376AE62BA}.Debug|x86.ActiveCfg = Debug|Win32
		{1F725BB6-DC16-4742-9C50-762376AE62BA}.Debug|x86.Build.0 = Debug|Win32
		{1F725BB6-DC16-4742-9C50-762376AE62BA}.Release|x64.ActiveCfg = Release|x64
		{1F725BB6-DC16-4742-9C50-762376AE62BA}.Release|x64.Build.0 = Release|x64
		{1F725BB6-DC16-4742-9C50-762376AE62BA}.Release|x86.ActiveCfg = Release|Win32
		{1F725BB6-DC16-4742-9C50-762376AE62BA}.Release|x86.Build.0 = Release|Win32
		{1131607C-666E-4ECF-98E7-B64BBECA6200}.Debug|x64.ActiveCfg = Debug|x64
		{1131607C-666E-4ECF-98E7-B64BBECA6200}.Debug|x64.Build.0 = Debug|x64
		{1131607C-666E-4ECF-98E7-B64BBECA6200}.Debug|x86.ActiveCfg = Debug|Win32
		{1131607C-666E-4ECF-98E7-B64BBECA6200}.Debug|x86.Build.0 = Debug|Win32
		{1131607C-666E-4ECF-98E7-B64BBECA6200}.Release|x64.ActiveCfg = Release|x64
		{1131607C-666E-4ECF-98E7-B64BBECA6200}.Release|x64.Build.0 = Release|x64
		{1131607C-666E-4ECF-98E7-B64BBECA6200}.Release|x86.ActiveCfg = Release|Win32
		{1131607C-666E-4ECF-98E7-B64BBECA6200}.Release|x86.Build.0 = Release|Win32
	EndGlobalSection
	GlobalSection(SolutionProperties) = preSolution
		HideSolutionNode = FALSE
	EndGlobalSection
	GlobalSection(ExtensibilityGlobals) = postSolution
		SolutionGuid = {8BF68DFA-970D-4893-973B-1C6E7EF5CA64}
	EndGlobalSection
EndGlobal
